// !$*UTF8*$!
{
	archiveVersion = 1;
	classes = {
	};
	objectVersion = 46;
	objects = {

/* Begin PBXBuildFile section */
		CC01055B1E27116600890935 /* PI_NOperation.framework in Frameworks */ = {isa = PBXBuildFile; fileRef = CC01052D1E27110D00890935 /* PI_NOperation.framework */; };
		CC01056A1E27117300890935 /* PI_NOperation.framework in Frameworks */ = {isa = PBXBuildFile; fileRef = CC01053D1E27113700890935 /* PI_NOperation.framework */; };
		CC0105791E27117F00890935 /* PI_NOperation.framework in Frameworks */ = {isa = PBXBuildFile; fileRef = CC01054A1E27114300890935 /* PI_NOperation.framework */; };
		CC0105871E2711B700890935 /* PI_NOperation.h in Headers */ = {isa = PBXBuildFile; fileRef = CC0105801E2711B700890935 /* PI_NOperation.h */; settings = {ATTRIBUTES = (Public, ); }; };
		CC0105881E2711B700890935 /* PI_NOperation.h in Headers */ = {isa = PBXBuildFile; fileRef = CC0105801E2711B700890935 /* PI_NOperation.h */; settings = {ATTRIBUTES = (Public, ); }; };
		CC0105891E2711B700890935 /* PI_NOperation.h in Headers */ = {isa = PBXBuildFile; fileRef = CC0105801E2711B700890935 /* PI_NOperation.h */; settings = {ATTRIBUTES = (Public, ); }; };
		CC01058A1E2711B700890935 /* PI_NOperationGroup.h in Headers */ = {isa = PBXBuildFile; fileRef = CC0105811E2711B700890935 /* PI_NOperationGroup.h */; settings = {ATTRIBUTES = (Public, ); }; };
		CC01058B1E2711B700890935 /* PI_NOperationGroup.h in Headers */ = {isa = PBXBuildFile; fileRef = CC0105811E2711B700890935 /* PI_NOperationGroup.h */; settings = {ATTRIBUTES = (Public, ); }; };
		CC01058C1E2711B700890935 /* PI_NOperationGroup.h in Headers */ = {isa = PBXBuildFile; fileRef = CC0105811E2711B700890935 /* PI_NOperationGroup.h */; settings = {ATTRIBUTES = (Public, ); }; };
		CC01058D1E2711B700890935 /* PI_NOperationGroup.m in Sources */ = {isa = PBXBuildFile; fileRef = CC0105821E2711B700890935 /* PI_NOperationGroup.m */; };
		CC01058E1E2711B700890935 /* PI_NOperationGroup.m in Sources */ = {isa = PBXBuildFile; fileRef = CC0105821E2711B700890935 /* PI_NOperationGroup.m */; };
		CC01058F1E2711B700890935 /* PI_NOperationGroup.m in Sources */ = {isa = PBXBuildFile; fileRef = CC0105821E2711B700890935 /* PI_NOperationGroup.m */; };
		CC0105901E2711B700890935 /* PI_NOperationMacros.h in Headers */ = {isa = PBXBuildFile; fileRef = CC0105831E2711B700890935 /* PI_NOperationMacros.h */; settings = {ATTRIBUTES = (Public, ); }; };
		CC0105911E2711B700890935 /* PI_NOperationMacros.h in Headers */ = {isa = PBXBuildFile; fileRef = CC0105831E2711B700890935 /* PI_NOperationMacros.h */; settings = {ATTRIBUTES = (Public, ); }; };
		CC0105921E2711B700890935 /* PI_NOperationMacros.h in Headers */ = {isa = PBXBuildFile; fileRef = CC0105831E2711B700890935 /* PI_NOperationMacros.h */; settings = {ATTRIBUTES = (Public, ); }; };
		CC0105931E2711B700890935 /* PI_NOperationQueue.h in Headers */ = {isa = PBXBuildFile; fileRef = CC0105841E2711B700890935 /* PI_NOperationQueue.h */; settings = {ATTRIBUTES = (Public, ); }; };
		CC0105941E2711B700890935 /* PI_NOperationQueue.h in Headers */ = {isa = PBXBuildFile; fileRef = CC0105841E2711B700890935 /* PI_NOperationQueue.h */; settings = {ATTRIBUTES = (Public, ); }; };
		CC0105951E2711B700890935 /* PI_NOperationQueue.h in Headers */ = {isa = PBXBuildFile; fileRef = CC0105841E2711B700890935 /* PI_NOperationQueue.h */; settings = {ATTRIBUTES = (Public, ); }; };
		CC0105961E2711B700890935 /* PI_NOperationQueue.m in Sources */ = {isa = PBXBuildFile; fileRef = CC0105851E2711B700890935 /* PI_NOperationQueue.m */; };
		CC0105971E2711B700890935 /* PI_NOperationQueue.m in Sources */ = {isa = PBXBuildFile; fileRef = CC0105851E2711B700890935 /* PI_NOperationQueue.m */; };
		CC0105981E2711B700890935 /* PI_NOperationQueue.m in Sources */ = {isa = PBXBuildFile; fileRef = CC0105851E2711B700890935 /* PI_NOperationQueue.m */; };
		CC0105991E2711B700890935 /* PI_NOperationTypes.h in Headers */ = {isa = PBXBuildFile; fileRef = CC0105861E2711B700890935 /* PI_NOperationTypes.h */; settings = {ATTRIBUTES = (Public, ); }; };
		CC01059A1E2711B700890935 /* PI_NOperationTypes.h in Headers */ = {isa = PBXBuildFile; fileRef = CC0105861E2711B700890935 /* PI_NOperationTypes.h */; settings = {ATTRIBUTES = (Public, ); }; };
		CC01059B1E2711B700890935 /* PI_NOperationTypes.h in Headers */ = {isa = PBXBuildFile; fileRef = CC0105861E2711B700890935 /* PI_NOperationTypes.h */; settings = {ATTRIBUTES = (Public, ); }; };
		CC0105A01E27131B00890935 /* PI_NOperationQueueTests.m in Sources */ = {isa = PBXBuildFile; fileRef = CC01059D1E27131B00890935 /* PI_NOperationQueueTests.m */; };
		CC0105A11E27131B00890935 /* PI_NOperationQueueTests.m in Sources */ = {isa = PBXBuildFile; fileRef = CC01059D1E27131B00890935 /* PI_NOperationQueueTests.m */; };
		CC0105A21E27131B00890935 /* PI_NOperationQueueTests.m in Sources */ = {isa = PBXBuildFile; fileRef = CC01059D1E27131B00890935 /* PI_NOperationQueueTests.m */; };
		CC0105A41E27131B00890935 /* PI_NOperationGroupTests.m in Sources */ = {isa = PBXBuildFile; fileRef = CC01059E1E27131B00890935 /* PI_NOperationGroupTests.m */; };
		CC0105A51E27131B00890935 /* PI_NOperationGroupTests.m in Sources */ = {isa = PBXBuildFile; fileRef = CC01059E1E27131B00890935 /* PI_NOperationGroupTests.m */; };
		CC0105A61E27131B00890935 /* PI_NOperationGroupTests.m in Sources */ = {isa = PBXBuildFile; fileRef = CC01059E1E27131B00890935 /* PI_NOperationGroupTests.m */; };
/* End PBXBuildFile section */

/* Begin PBXContainerItemProxy section */
		CC01055C1E27116600890935 /* PBXContainerItemProxy */ = {
			isa = PBXContainerItemProxy;
			containerPortal = CC0105241E27110D00890935 /* Project object */;
			proxyType = 1;
			remoteGlobalIDString = CC01052C1E27110D00890935;
			remoteInfo = PI_NOperation;
		};
		CC01056B1E27117300890935 /* PBXContainerItemProxy */ = {
			isa = PBXContainerItemProxy;
			containerPortal = CC0105241E27110D00890935 /* Project object */;
			proxyType = 1;
			remoteGlobalIDString = CC01053C1E27113700890935;
			remoteInfo = "PI_NOperation-tvOS";
		};
		CC01057A1E27117F00890935 /* PBXContainerItemProxy */ = {
			isa = PBXContainerItemProxy;
			containerPortal = CC0105241E27110D00890935 /* Project object */;
			proxyType = 1;
			remoteGlobalIDString = CC0105491E27114300890935;
			remoteInfo = "PI_NOperation-macOS";
		};
/* End PBXContainerItemProxy section */

/* Begin PBXFileReference section */
		CC01052D1E27110D00890935 /* PI_NOperation.framework */ = {isa = PBXFileReference; explicitFileType = wrapper.framework; includeInIndex = 0; path = PI_NOperation.framework; sourceTree = BUILT_PRODUCTS_DIR; };
		CC01053D1E27113700890935 /* PI_NOperation.framework */ = {isa = PBXFileReference; explicitFileType = wrapper.framework; includeInIndex = 0; path = PI_NOperation.framework; sourceTree = BUILT_PRODUCTS_DIR; };
		CC01054A1E27114300890935 /* PI_NOperation.framework */ = {isa = PBXFileReference; explicitFileType = wrapper.framework; includeInIndex = 0; path = PI_NOperation.framework; sourceTree = BUILT_PRODUCTS_DIR; };
		CC0105561E27116600890935 /* PI_NOperationTests.xctest */ = {isa = PBXFileReference; explicitFileType = wrapper.cfbundle; includeInIndex = 0; path = PI_NOperationTests.xctest; sourceTree = BUILT_PRODUCTS_DIR; };
		CC01055A1E27116600890935 /* Info.plist */ = {isa = PBXFileReference; lastKnownFileType = text.plist.xml; name = Info.plist; path = ../Tests/Info.plist; sourceTree = "<group>"; };
		CC0105651E27117300890935 /* PI_NOperation-tvOSTests.xctest */ = {isa = PBXFileReference; explicitFileType = wrapper.cfbundle; includeInIndex = 0; path = "PI_NOperation-tvOSTests.xctest"; sourceTree = BUILT_PRODUCTS_DIR; };
		CC0105741E27117F00890935 /* PI_NOperation-macOSTests.xctest */ = {isa = PBXFileReference; explicitFileType = wrapper.cfbundle; includeInIndex = 0; path = "PI_NOperation-macOSTests.xctest"; sourceTree = BUILT_PRODUCTS_DIR; };
		CC0105801E2711B700890935 /* PI_NOperation.h */ = {isa = PBXFileReference; fileEncoding = 4; lastKnownFileType = sourcecode.c.h; path = PI_NOperation.h; sourceTree = "<group>"; };
		CC0105811E2711B700890935 /* PI_NOperationGroup.h */ = {isa = PBXFileReference; fileEncoding = 4; lastKnownFileType = sourcecode.c.h; path = PI_NOperationGroup.h; sourceTree = "<group>"; };
		CC0105821E2711B700890935 /* PI_NOperationGroup.m */ = {isa = PBXFileReference; fileEncoding = 4; lastKnownFileType = sourcecode.c.objc; path = PI_NOperationGroup.m; sourceTree = "<group>"; };
		CC0105831E2711B700890935 /* PI_NOperationMacros.h */ = {isa = PBXFileReference; fileEncoding = 4; lastKnownFileType = sourcecode.c.h; path = PI_NOperationMacros.h; sourceTree = "<group>"; };
		CC0105841E2711B700890935 /* PI_NOperationQueue.h */ = {isa = PBXFileReference; fileEncoding = 4; lastKnownFileType = sourcecode.c.h; path = PI_NOperationQueue.h; sourceTree = "<group>"; };
		CC0105851E2711B700890935 /* PI_NOperationQueue.m */ = {isa = PBXFileReference; fileEncoding = 4; lastKnownFileType = sourcecode.c.objc; path = PI_NOperationQueue.m; sourceTree = "<group>"; };
		CC0105861E2711B700890935 /* PI_NOperationTypes.h */ = {isa = PBXFileReference; fileEncoding = 4; lastKnownFileType = sourcecode.c.h; path = PI_NOperationTypes.h; sourceTree = "<group>"; };
		CC01059C1E27129E00890935 /* Info.plist */ = {isa = PBXFileReference; lastKnownFileType = text.plist.xml; path = Info.plist; sourceTree = "<group>"; };
		CC01059D1E27131B00890935 /* PI_NOperationQueueTests.m */ = {isa = PBXFileReference; fileEncoding = 4; lastKnownFileType = sourcecode.c.objc; path = PI_NOperationQueueTests.m; sourceTree = "<group>"; };
		CC01059E1E27131B00890935 /* PI_NOperationGroupTests.m */ = {isa = PBXFileReference; fileEncoding = 4; lastKnownFileType = sourcecode.c.objc; path = PI_NOperationGroupTests.m; sourceTree = "<group>"; };
/* End PBXFileReference section */

/* Begin PBXFrameworksBuildPhase section */
		CC0105291E27110D00890935 /* Frameworks */ = {
			isa = PBXFrameworksBuildPhase;
			buildActionMask = 2147483647;
			files = (
			);
			runOnlyForDeploymentPostprocessing = 0;
		};
		CC0105391E27113700890935 /* Frameworks */ = {
			isa = PBXFrameworksBuildPhase;
			buildActionMask = 2147483647;
			files = (
			);
			runOnlyForDeploymentPostprocessing = 0;
		};
		CC0105461E27114300890935 /* Frameworks */ = {
			isa = PBXFrameworksBuildPhase;
			buildActionMask = 2147483647;
			files = (
			);
			runOnlyForDeploymentPostprocessing = 0;
		};
		CC0105531E27116600890935 /* Frameworks */ = {
			isa = PBXFrameworksBuildPhase;
			buildActionMask = 2147483647;
			files = (
				CC01055B1E27116600890935 /* PI_NOperation.framework in Frameworks */,
			);
			runOnlyForDeploymentPostprocessing = 0;
		};
		CC0105621E27117300890935 /* Frameworks */ = {
			isa = PBXFrameworksBuildPhase;
			buildActionMask = 2147483647;
			files = (
				CC01056A1E27117300890935 /* PI_NOperation.framework in Frameworks */,
			);
			runOnlyForDeploymentPostprocessing = 0;
		};
		CC0105711E27117F00890935 /* Frameworks */ = {
			isa = PBXFrameworksBuildPhase;
			buildActionMask = 2147483647;
			files = (
				CC0105791E27117F00890935 /* PI_NOperation.framework in Frameworks */,
			);
			runOnlyForDeploymentPostprocessing = 0;
		};
/* End PBXFrameworksBuildPhase section */

/* Begin PBXGroup section */
		CC0105231E27110D00890935 = {
			isa = PBXGroup;
			children = (
				CC01057F1E2711B700890935 /* Source */,
				CC0105571E27116600890935 /* Tests */,
				CC01052E1E27110D00890935 /* Products */,
			);
			indentWidth = 2;
			sourceTree = "<group>";
			tabWidth = 2;
			usesTabs = 0;
		};
		CC01052E1E27110D00890935 /* Products */ = {
			isa = PBXGroup;
			children = (
				CC01052D1E27110D00890935 /* PI_NOperation.framework */,
				CC01053D1E27113700890935 /* PI_NOperation.framework */,
				CC01054A1E27114300890935 /* PI_NOperation.framework */,
				CC0105561E27116600890935 /* PI_NOperationTests.xctest */,
				CC0105651E27117300890935 /* PI_NOperation-tvOSTests.xctest */,
				CC0105741E27117F00890935 /* PI_NOperation-macOSTests.xctest */,
			);
			name = Products;
			sourceTree = "<group>";
		};
		CC0105571E27116600890935 /* Tests */ = {
			isa = PBXGroup;
			children = (
				CC01059D1E27131B00890935 /* PI_NOperationQueueTests.m */,
				CC01059E1E27131B00890935 /* PI_NOperationGroupTests.m */,
				CC01055A1E27116600890935 /* Info.plist */,
			);
			path = Tests;
			sourceTree = "<group>";
		};
		CC01057F1E2711B700890935 /* Source */ = {
			isa = PBXGroup;
			children = (
				CC0105801E2711B700890935 /* PI_NOperation.h */,
				CC0105811E2711B700890935 /* PI_NOperationGroup.h */,
				CC0105831E2711B700890935 /* PI_NOperationMacros.h */,
				CC0105841E2711B700890935 /* PI_NOperationQueue.h */,
				CC0105861E2711B700890935 /* PI_NOperationTypes.h */,
				CC0105821E2711B700890935 /* PI_NOperationGroup.m */,
				CC0105851E2711B700890935 /* PI_NOperationQueue.m */,
				CC01059C1E27129E00890935 /* Info.plist */,
			);
			path = Source;
			sourceTree = "<group>";
		};
/* End PBXGroup section */

/* Begin PBXHeadersBuildPhase section */
		CC01052A1E27110D00890935 /* Headers */ = {
			isa = PBXHeadersBuildPhase;
			buildActionMask = 2147483647;
			files = (
				CC0105991E2711B700890935 /* PI_NOperationTypes.h in Headers */,
				CC0105871E2711B700890935 /* PI_NOperation.h in Headers */,
				CC01058A1E2711B700890935 /* PI_NOperationGroup.h in Headers */,
				CC0105901E2711B700890935 /* PI_NOperationMacros.h in Headers */,
				CC0105931E2711B700890935 /* PI_NOperationQueue.h in Headers */,
			);
			runOnlyForDeploymentPostprocessing = 0;
		};
		CC01053A1E27113700890935 /* Headers */ = {
			isa = PBXHeadersBuildPhase;
			buildActionMask = 2147483647;
			files = (
				CC01059A1E2711B700890935 /* PI_NOperationTypes.h in Headers */,
				CC0105881E2711B700890935 /* PI_NOperation.h in Headers */,
				CC01058B1E2711B700890935 /* PI_NOperationGroup.h in Headers */,
				CC0105911E2711B700890935 /* PI_NOperationMacros.h in Headers */,
				CC0105941E2711B700890935 /* PI_NOperationQueue.h in Headers */,
			);
			runOnlyForDeploymentPostprocessing = 0;
		};
		CC0105471E27114300890935 /* Headers */ = {
			isa = PBXHeadersBuildPhase;
			buildActionMask = 2147483647;
			files = (
				CC01059B1E2711B700890935 /* PI_NOperationTypes.h in Headers */,
				CC0105891E2711B700890935 /* PI_NOperation.h in Headers */,
				CC01058C1E2711B700890935 /* PI_NOperationGroup.h in Headers */,
				CC0105921E2711B700890935 /* PI_NOperationMacros.h in Headers */,
				CC0105951E2711B700890935 /* PI_NOperationQueue.h in Headers */,
			);
			runOnlyForDeploymentPostprocessing = 0;
		};
/* End PBXHeadersBuildPhase section */

/* Begin PBXNativeTarget section */
		CC01052C1E27110D00890935 /* PI_NOperation */ = {
			isa = PBXNativeTarget;
			buildConfigurationList = CC0105351E27110D00890935 /* Build configuration list for PBXNativeTarget "PI_NOperation" */;
			buildPhases = (
				CC0105281E27110D00890935 /* Sources */,
				CC0105291E27110D00890935 /* Frameworks */,
				CC01052A1E27110D00890935 /* Headers */,
				CC01052B1E27110D00890935 /* Resources */,
			);
			buildRules = (
			);
			dependencies = (
			);
			name = PI_NOperation;
			productName = PI_NOperation;
			productReference = CC01052D1E27110D00890935 /* PI_NOperation.framework */;
			productType = "com.apple.product-type.framework";
		};
		CC01053C1E27113700890935 /* PI_NOperation-tvOS */ = {
			isa = PBXNativeTarget;
			buildConfigurationList = CC0105421E27113700890935 /* Build configuration list for PBXNativeTarget "PI_NOperation-tvOS" */;
			buildPhases = (
				CC0105381E27113700890935 /* Sources */,
				CC0105391E27113700890935 /* Frameworks */,
				CC01053A1E27113700890935 /* Headers */,
				CC01053B1E27113700890935 /* Resources */,
			);
			buildRules = (
			);
			dependencies = (
			);
			name = "PI_NOperation-tvOS";
			productName = "PI_NOperation-tvOS";
			productReference = CC01053D1E27113700890935 /* PI_NOperation.framework */;
			productType = "com.apple.product-type.framework";
		};
		CC0105491E27114300890935 /* PI_NOperation-macOS */ = {
			isa = PBXNativeTarget;
			buildConfigurationList = CC01054F1E27114300890935 /* Build configuration list for PBXNativeTarget "PI_NOperation-macOS" */;
			buildPhases = (
				CC0105451E27114300890935 /* Sources */,
				CC0105461E27114300890935 /* Frameworks */,
				CC0105471E27114300890935 /* Headers */,
				CC0105481E27114300890935 /* Resources */,
			);
			buildRules = (
			);
			dependencies = (
			);
			name = "PI_NOperation-macOS";
			productName = "PI_NOperation-macOS";
			productReference = CC01054A1E27114300890935 /* PI_NOperation.framework */;
			productType = "com.apple.product-type.framework";
		};
		CC0105551E27116600890935 /* PI_NOperationTests */ = {
			isa = PBXNativeTarget;
			buildConfigurationList = CC01055E1E27116600890935 /* Build configuration list for PBXNativeTarget "PI_NOperationTests" */;
			buildPhases = (
				CC0105521E27116600890935 /* Sources */,
				CC0105531E27116600890935 /* Frameworks */,
				CC0105541E27116600890935 /* Resources */,
			);
			buildRules = (
			);
			dependencies = (
				CC01055D1E27116600890935 /* PBXTargetDependency */,
			);
			name = PI_NOperationTests;
			productName = PI_NOperationTests;
			productReference = CC0105561E27116600890935 /* PI_NOperationTests.xctest */;
			productType = "com.apple.product-type.bundle.unit-test";
		};
		CC0105641E27117300890935 /* PI_NOperation-tvOSTests */ = {
			isa = PBXNativeTarget;
			buildConfigurationList = CC01056D1E27117300890935 /* Build configuration list for PBXNativeTarget "PI_NOperation-tvOSTests" */;
			buildPhases = (
				CC0105611E27117300890935 /* Sources */,
				CC0105621E27117300890935 /* Frameworks */,
				CC0105631E27117300890935 /* Resources */,
			);
			buildRules = (
			);
			dependencies = (
				CC01056C1E27117300890935 /* PBXTargetDependency */,
			);
			name = "PI_NOperation-tvOSTests";
			productName = "PI_NOperation-tvOSTests";
			productReference = CC0105651E27117300890935 /* PI_NOperation-tvOSTests.xctest */;
			productType = "com.apple.product-type.bundle.unit-test";
		};
		CC0105731E27117F00890935 /* PI_NOperation-macOSTests */ = {
			isa = PBXNativeTarget;
			buildConfigurationList = CC01057C1E27117F00890935 /* Build configuration list for PBXNativeTarget "PI_NOperation-macOSTests" */;
			buildPhases = (
				CC0105701E27117F00890935 /* Sources */,
				CC0105711E27117F00890935 /* Frameworks */,
				CC0105721E27117F00890935 /* Resources */,
			);
			buildRules = (
			);
			dependencies = (
				CC01057B1E27117F00890935 /* PBXTargetDependency */,
			);
			name = "PI_NOperation-macOSTests";
			productName = "PI_NOperation-macOSTests";
			productReference = CC0105741E27117F00890935 /* PI_NOperation-macOSTests.xctest */;
			productType = "com.apple.product-type.bundle.unit-test";
		};
/* End PBXNativeTarget section */

/* Begin PBXProject section */
		CC0105241E27110D00890935 /* Project object */ = {
			isa = PBXProject;
			attributes = {
				LastUpgradeCheck = 0900;
				ORGANIZATIONNAME = Pinterest;
				TargetAttributes = {
					CC01052C1E27110D00890935 = {
						CreatedOnToolsVersion = 7.3.1;
					};
					CC01053C1E27113700890935 = {
						CreatedOnToolsVersion = 7.3.1;
					};
					CC0105491E27114300890935 = {
						CreatedOnToolsVersion = 7.3.1;
					};
					CC0105551E27116600890935 = {
						CreatedOnToolsVersion = 7.3.1;
					};
					CC0105641E27117300890935 = {
						CreatedOnToolsVersion = 7.3.1;
					};
					CC0105731E27117F00890935 = {
						CreatedOnToolsVersion = 7.3.1;
					};
				};
			};
			buildConfigurationList = CC0105271E27110D00890935 /* Build configuration list for PBXProject "PI_NOperation" */;
			compatibilityVersion = "Xcode 3.2";
			developmentRegion = English;
			hasScannedForEncodings = 0;
			knownRegions = (
				en,
			);
			mainGroup = CC0105231E27110D00890935;
			productRefGroup = CC01052E1E27110D00890935 /* Products */;
			projectDirPath = "";
			projectRoot = "";
			targets = (
				CC01052C1E27110D00890935 /* PI_NOperation */,
				CC0105551E27116600890935 /* PI_NOperationTests */,
				CC01053C1E27113700890935 /* PI_NOperation-tvOS */,
				CC0105641E27117300890935 /* PI_NOperation-tvOSTests */,
				CC0105491E27114300890935 /* PI_NOperation-macOS */,
				CC0105731E27117F00890935 /* PI_NOperation-macOSTests */,
			);
		};
/* End PBXProject section */

/* Begin PBXResourcesBuildPhase section */
		CC01052B1E27110D00890935 /* Resources */ = {
			isa = PBXResourcesBuildPhase;
			buildActionMask = 2147483647;
			files = (
			);
			runOnlyForDeploymentPostprocessing = 0;
		};
		CC01053B1E27113700890935 /* Resources */ = {
			isa = PBXResourcesBuildPhase;
			buildActionMask = 2147483647;
			files = (
			);
			runOnlyForDeploymentPostprocessing = 0;
		};
		CC0105481E27114300890935 /* Resources */ = {
			isa = PBXResourcesBuildPhase;
			buildActionMask = 2147483647;
			files = (
			);
			runOnlyForDeploymentPostprocessing = 0;
		};
		CC0105541E27116600890935 /* Resources */ = {
			isa = PBXResourcesBuildPhase;
			buildActionMask = 2147483647;
			files = (
			);
			runOnlyForDeploymentPostprocessing = 0;
		};
		CC0105631E27117300890935 /* Resources */ = {
			isa = PBXResourcesBuildPhase;
			buildActionMask = 2147483647;
			files = (
			);
			runOnlyForDeploymentPostprocessing = 0;
		};
		CC0105721E27117F00890935 /* Resources */ = {
			isa = PBXResourcesBuildPhase;
			buildActionMask = 2147483647;
			files = (
			);
			runOnlyForDeploymentPostprocessing = 0;
		};
/* End PBXResourcesBuildPhase section */

/* Begin PBXSourcesBuildPhase section */
		CC0105281E27110D00890935 /* Sources */ = {
			isa = PBXSourcesBuildPhase;
			buildActionMask = 2147483647;
			files = (
				CC01058D1E2711B700890935 /* PI_NOperationGroup.m in Sources */,
				CC0105961E2711B700890935 /* PI_NOperationQueue.m in Sources */,
			);
			runOnlyForDeploymentPostprocessing = 0;
		};
		CC0105381E27113700890935 /* Sources */ = {
			isa = PBXSourcesBuildPhase;
			buildActionMask = 2147483647;
			files = (
				CC01058E1E2711B700890935 /* PI_NOperationGroup.m in Sources */,
				CC0105971E2711B700890935 /* PI_NOperationQueue.m in Sources */,
			);
			runOnlyForDeploymentPostprocessing = 0;
		};
		CC0105451E27114300890935 /* Sources */ = {
			isa = PBXSourcesBuildPhase;
			buildActionMask = 2147483647;
			files = (
				CC01058F1E2711B700890935 /* PI_NOperationGroup.m in Sources */,
				CC0105981E2711B700890935 /* PI_NOperationQueue.m in Sources */,
			);
			runOnlyForDeploymentPostprocessing = 0;
		};
		CC0105521E27116600890935 /* Sources */ = {
			isa = PBXSourcesBuildPhase;
			buildActionMask = 2147483647;
			files = (
				CC0105A01E27131B00890935 /* PI_NOperationQueueTests.m in Sources */,
				CC0105A41E27131B00890935 /* PI_NOperationGroupTests.m in Sources */,
			);
			runOnlyForDeploymentPostprocessing = 0;
		};
		CC0105611E27117300890935 /* Sources */ = {
			isa = PBXSourcesBuildPhase;
			buildActionMask = 2147483647;
			files = (
				CC0105A11E27131B00890935 /* PI_NOperationQueueTests.m in Sources */,
				CC0105A51E27131B00890935 /* PI_NOperationGroupTests.m in Sources */,
			);
			runOnlyForDeploymentPostprocessing = 0;
		};
		CC0105701E27117F00890935 /* Sources */ = {
			isa = PBXSourcesBuildPhase;
			buildActionMask = 2147483647;
			files = (
				CC0105A21E27131B00890935 /* PI_NOperationQueueTests.m in Sources */,
				CC0105A61E27131B00890935 /* PI_NOperationGroupTests.m in Sources */,
			);
			runOnlyForDeploymentPostprocessing = 0;
		};
/* End PBXSourcesBuildPhase section */

/* Begin PBXTargetDependency section */
		CC01055D1E27116600890935 /* PBXTargetDependency */ = {
			isa = PBXTargetDependency;
			target = CC01052C1E27110D00890935 /* PI_NOperation */;
			targetProxy = CC01055C1E27116600890935 /* PBXContainerItemProxy */;
		};
		CC01056C1E27117300890935 /* PBXTargetDependency */ = {
			isa = PBXTargetDependency;
			target = CC01053C1E27113700890935 /* PI_NOperation-tvOS */;
			targetProxy = CC01056B1E27117300890935 /* PBXContainerItemProxy */;
		};
		CC01057B1E27117F00890935 /* PBXTargetDependency */ = {
			isa = PBXTargetDependency;
			target = CC0105491E27114300890935 /* PI_NOperation-macOS */;
			targetProxy = CC01057A1E27117F00890935 /* PBXContainerItemProxy */;
		};
/* End PBXTargetDependency section */

/* Begin XCBuildConfiguration section */
		CC0105331E27110D00890935 /* Debug */ = {
			isa = XCBuildConfiguration;
			buildSettings = {
				ALWAYS_SEARCH_USER_PATHS = NO;
				CLANG_ANALYZER_NONNULL = YES;
				CLANG_CXX_LANGUAGE_STANDARD = "gnu++0x";
				CLANG_CXX_LIBRARY = "libc++";
				CLANG_ENABLE_MODULES = YES;
				CLANG_ENABLE_OBJC_ARC = YES;
				CLANG_WARN_BLOCK_CAPTURE_AUTORELEA_SING = YES;
				CLANG_WARN_BOOL_CONVERSION = YES;
				CLANG_WARN_COMMA = YES;
				CLANG_WARN_CONSTANT_CONVERSION = YES;
				CLANG_WARN_DIRECT_OBJC_ISA_USAGE = YES_ERROR;
				CLANG_WARN_EMPTY_BODY = YES;
				CLANG_WARN_ENUM_CONVERSION = YES;
				CLANG_WARN_INFINITE_RECURSION = YES;
				CLANG_WARN_INT_CONVERSION = YES;
				CLANG_WARN_NON_LITERAL_NULL_CONVERSION = YES;
				CLANG_WARN_OBJC_LITERAL_CONVERSION = YES;
				CLANG_WARN_OBJC_ROOT_CLASS = YES_ERROR;
				CLANG_WARN_RANGE_LOOP_ANALYSIS = YES;
				CLANG_WARN_STRICT_PROTOTYPES = YES;
				CLANG_WARN_SUSPICIOUS_MOVE = YES;
				CLANG_WARN_UNREACHABLE_CODE = YES;
				CLANG_WARN__DUPLICATE_METHOD_MATCH = YES;
				COPY_PHA_SE_STRIP = NO;
				CURRENT_PROJECT_VERSION = 1;
				DEBUG_INFORMATION_FORMAT = dwarf;
				ENABLE_STRICT_OBJC_MSGSEND = YES;
				ENABLE_TESTABILITY = YES;
				GCC_C_LANGUAGE_STANDARD = gnu99;
				GCC_DYNAMIC_NO_PIC = NO;
				GCC_NO_COMMON_BLOCKS = YES;
				GCC_OPTIMIZATION_LEVEL = 0;
				GCC_PREPROCESSOR_DEFINITIONS = (
					"DEBUG=1",
					"$(inherited)",
				);
				GCC_WARN_64_TO_32_BIT_CONVERSION = YES;
				GCC_WARN_ABOUT_RETURN_TYPE = YES_ERROR;
				GCC_WARN_UNDECLARED_SELECTOR = YES;
				GCC_WARN_UNINITIALIZED_AUTOS = YES_AGGRESSIVE;
				GCC_WARN_UNUSED_FUNCTION = YES;
				GCC_WARN_UNUSED_VARIABLE = YES;
				IPHONEOS_DEPLOYMENT_TARGET = 8.0;
				MACOSX_DEPLOYMENT_TARGET = 10.8;
				MTL_ENABLE_DEBUG_INFO = YES;
				ONLY_ACTIVE_ARCH = YES;
				SDKROOT = iphoneos;
				TARGETED_DEVICE_FAMILY = "1,2";
				VERSIONING_SYSTEM = "apple-generic";
				VERSION_INFO_PREFIX = "";
			};
			name = Debug;
		};
		CC0105341E27110D00890935 /* Release */ = {
			isa = XCBuildConfiguration;
			buildSettings = {
				ALWAYS_SEARCH_USER_PATHS = NO;
				CLANG_ANALYZER_NONNULL = YES;
				CLANG_CXX_LANGUAGE_STANDARD = "gnu++0x";
				CLANG_CXX_LIBRARY = "libc++";
				CLANG_ENABLE_MODULES = YES;
				CLANG_ENABLE_OBJC_ARC = YES;
				CLANG_WARN_BLOCK_CAPTURE_AUTORELEA_SING = YES;
				CLANG_WARN_BOOL_CONVERSION = YES;
				CLANG_WARN_COMMA = YES;
				CLANG_WARN_CONSTANT_CONVERSION = YES;
				CLANG_WARN_DIRECT_OBJC_ISA_USAGE = YES_ERROR;
				CLANG_WARN_EMPTY_BODY = YES;
				CLANG_WARN_ENUM_CONVERSION = YES;
				CLANG_WARN_INFINITE_RECURSION = YES;
				CLANG_WARN_INT_CONVERSION = YES;
				CLANG_WARN_NON_LITERAL_NULL_CONVERSION = YES;
				CLANG_WARN_OBJC_LITERAL_CONVERSION = YES;
				CLANG_WARN_OBJC_ROOT_CLASS = YES_ERROR;
				CLANG_WARN_RANGE_LOOP_ANALYSIS = YES;
				CLANG_WARN_STRICT_PROTOTYPES = YES;
				CLANG_WARN_SUSPICIOUS_MOVE = YES;
				CLANG_WARN_UNREACHABLE_CODE = YES;
				CLANG_WARN__DUPLICATE_METHOD_MATCH = YES;
				COPY_PHA_SE_STRIP = NO;
				CURRENT_PROJECT_VERSION = 1;
				DEBUG_INFORMATION_FORMAT = "dwarf-with-dsym";
				ENABLE_NS_A_SSERTIONS = NO;
				ENABLE_STRICT_OBJC_MSGSEND = YES;
				GCC_C_LANGUAGE_STANDARD = gnu99;
				GCC_NO_COMMON_BLOCKS = YES;
				GCC_WARN_64_TO_32_BIT_CONVERSION = YES;
				GCC_WARN_ABOUT_RETURN_TYPE = YES_ERROR;
				GCC_WARN_UNDECLARED_SELECTOR = YES;
				GCC_WARN_UNINITIALIZED_AUTOS = YES_AGGRESSIVE;
				GCC_WARN_UNUSED_FUNCTION = YES;
				GCC_WARN_UNUSED_VARIABLE = YES;
				IPHONEOS_DEPLOYMENT_TARGET = 8.0;
				MACOSX_DEPLOYMENT_TARGET = 10.8;
				MTL_ENABLE_DEBUG_INFO = NO;
				SDKROOT = iphoneos;
				TARGETED_DEVICE_FAMILY = "1,2";
				VALIDATE_PRODUCT = YES;
				VERSIONING_SYSTEM = "apple-generic";
				VERSION_INFO_PREFIX = "";
			};
			name = Release;
		};
		CC0105361E27110D00890935 /* Debug */ = {
			isa = XCBuildConfiguration;
			buildSettings = {
				APPLICATION_EXTENSION_API_ONLY = YES;
				DEFINES_MODULE = YES;
				DYLIB_COMPATIBILITY_VERSION = 1;
				DYLIB_CURRENT_VERSION = 1;
				DYLIB_INSTALL_NAME_BA_SE = "@rpath";
				INFOPLIST_FILE = "$(SRCROOT)/Source/Info.plist";
				INSTALL_PATH = "$(LOCAL_LIBRARY_DIR)/Frameworks";
				LD_RUNPATH_SEARCH_PATHS = "$(inherited) @executable_path/Frameworks @loader_path/Frameworks";
				PRODUCT_BUNDLE_IDENTIFIER = com.pinterest.PI_NOperation;
				PRODUCT_NAME = "$(TARGET_NAME)";
				SKIP_INSTALL = YES;
			};
			name = Debug;
		};
		CC0105371E27110D00890935 /* Release */ = {
			isa = XCBuildConfiguration;
			buildSettings = {
				APPLICATION_EXTENSION_API_ONLY = YES;
				DEFINES_MODULE = YES;
				DYLIB_COMPATIBILITY_VERSION = 1;
				DYLIB_CURRENT_VERSION = 1;
				DYLIB_INSTALL_NAME_BA_SE = "@rpath";
				INFOPLIST_FILE = "$(SRCROOT)/Source/Info.plist";
				INSTALL_PATH = "$(LOCAL_LIBRARY_DIR)/Frameworks";
				LD_RUNPATH_SEARCH_PATHS = "$(inherited) @executable_path/Frameworks @loader_path/Frameworks";
				PRODUCT_BUNDLE_IDENTIFIER = com.pinterest.PI_NOperation;
				PRODUCT_NAME = "$(TARGET_NAME)";
				SKIP_INSTALL = YES;
			};
			name = Release;
		};
		CC0105431E27113700890935 /* Debug */ = {
			isa = XCBuildConfiguration;
			buildSettings = {
				APPLICATION_EXTENSION_API_ONLY = YES;
				"CODE_SIGN_IDENTITY[sdk=appletvos*]" = "";
				DEFINES_MODULE = YES;
				DYLIB_COMPATIBILITY_VERSION = 1;
				DYLIB_CURRENT_VERSION = 1;
				DYLIB_INSTALL_NAME_BA_SE = "@rpath";
				INFOPLIST_FILE = "$(SRCROOT)/Source/Info.plist";
				INSTALL_PATH = "$(LOCAL_LIBRARY_DIR)/Frameworks";
				LD_RUNPATH_SEARCH_PATHS = "$(inherited) @executable_path/Frameworks @loader_path/Frameworks";
				PRODUCT_BUNDLE_IDENTIFIER = com.pinterest.PI_NOperation;
				PRODUCT_NAME = PI_NOperation;
				SDKROOT = appletvos;
				SKIP_INSTALL = YES;
				TARGETED_DEVICE_FAMILY = 3;
				TVOS_DEPLOYMENT_TARGET = 9.0;
			};
			name = Debug;
		};
		CC0105441E27113700890935 /* Release */ = {
			isa = XCBuildConfiguration;
			buildSettings = {
				APPLICATION_EXTENSION_API_ONLY = YES;
				"CODE_SIGN_IDENTITY[sdk=appletvos*]" = "";
				DEFINES_MODULE = YES;
				DYLIB_COMPATIBILITY_VERSION = 1;
				DYLIB_CURRENT_VERSION = 1;
				DYLIB_INSTALL_NAME_BA_SE = "@rpath";
				INFOPLIST_FILE = "$(SRCROOT)/Source/Info.plist";
				INSTALL_PATH = "$(LOCAL_LIBRARY_DIR)/Frameworks";
				LD_RUNPATH_SEARCH_PATHS = "$(inherited) @executable_path/Frameworks @loader_path/Frameworks";
				PRODUCT_BUNDLE_IDENTIFIER = com.pinterest.PI_NOperation;
				PRODUCT_NAME = PI_NOperation;
				SDKROOT = appletvos;
				SKIP_INSTALL = YES;
				TARGETED_DEVICE_FAMILY = 3;
				TVOS_DEPLOYMENT_TARGET = 9.0;
			};
			name = Release;
		};
		CC0105501E27114300890935 /* Debug */ = {
			isa = XCBuildConfiguration;
			buildSettings = {
				APPLICATION_EXTENSION_API_ONLY = YES;
				COMBINE_HIDPI_IMAGES = YES;
				DEFINES_MODULE = YES;
				DYLIB_COMPATIBILITY_VERSION = 1;
				DYLIB_CURRENT_VERSION = 1;
				DYLIB_INSTALL_NAME_BA_SE = "@rpath";
				FRAMEWORK_VERSION = A;
				INFOPLIST_FILE = "$(SRCROOT)/Source/Info.plist";
				INSTALL_PATH = "$(LOCAL_LIBRARY_DIR)/Frameworks";
				LD_RUNPATH_SEARCH_PATHS = "$(inherited) @executable_path/../Frameworks @loader_path/Frameworks";
				MACOSX_DEPLOYMENT_TARGET = 10.8;
				PRODUCT_BUNDLE_IDENTIFIER = com.pinterest.PI_NOperation;
				PRODUCT_NAME = PI_NOperation;
				SDKROOT = macosx;
				SKIP_INSTALL = YES;
			};
			name = Debug;
		};
		CC0105511E27114300890935 /* Release */ = {
			isa = XCBuildConfiguration;
			buildSettings = {
				APPLICATION_EXTENSION_API_ONLY = YES;
				COMBINE_HIDPI_IMAGES = YES;
				DEFINES_MODULE = YES;
				DYLIB_COMPATIBILITY_VERSION = 1;
				DYLIB_CURRENT_VERSION = 1;
				DYLIB_INSTALL_NAME_BA_SE = "@rpath";
				FRAMEWORK_VERSION = A;
				INFOPLIST_FILE = "$(SRCROOT)/Source/Info.plist";
				INSTALL_PATH = "$(LOCAL_LIBRARY_DIR)/Frameworks";
				LD_RUNPATH_SEARCH_PATHS = "$(inherited) @executable_path/../Frameworks @loader_path/Frameworks";
				MACOSX_DEPLOYMENT_TARGET = 10.8;
				PRODUCT_BUNDLE_IDENTIFIER = com.pinterest.PI_NOperation;
				PRODUCT_NAME = PI_NOperation;
				SDKROOT = macosx;
				SKIP_INSTALL = YES;
			};
			name = Release;
		};
		CC01055F1E27116600890935 /* Debug */ = {
			isa = XCBuildConfiguration;
			buildSettings = {
				INFOPLIST_FILE = Tests/Info.plist;
				LD_RUNPATH_SEARCH_PATHS = "$(inherited) @executable_path/Frameworks @loader_path/Frameworks";
				PRODUCT_BUNDLE_IDENTIFIER = com.pinterest.PI_NOperationTests;
				PRODUCT_NAME = "$(TARGET_NAME)";
			};
			name = Debug;
		};
		CC0105601E27116600890935 /* Release */ = {
			isa = XCBuildConfiguration;
			buildSettings = {
				INFOPLIST_FILE = Tests/Info.plist;
				LD_RUNPATH_SEARCH_PATHS = "$(inherited) @executable_path/Frameworks @loader_path/Frameworks";
				PRODUCT_BUNDLE_IDENTIFIER = com.pinterest.PI_NOperationTests;
				PRODUCT_NAME = "$(TARGET_NAME)";
			};
			name = Release;
		};
		CC01056E1E27117300890935 /* Debug */ = {
			isa = XCBuildConfiguration;
			buildSettings = {
				INFOPLIST_FILE = Tests/Info.plist;
				LD_RUNPATH_SEARCH_PATHS = "$(inherited) @executable_path/Frameworks @loader_path/Frameworks";
				PRODUCT_BUNDLE_IDENTIFIER = "com.pinterest.PI_NOperation-tvOSTests";
				PRODUCT_NAME = "$(TARGET_NAME)";
				SDKROOT = appletvos;
				TVOS_DEPLOYMENT_TARGET = 9.2;
			};
			name = Debug;
		};
		CC01056F1E27117300890935 /* Release */ = {
			isa = XCBuildConfiguration;
			buildSettings = {
				INFOPLIST_FILE = Tests/Info.plist;
				LD_RUNPATH_SEARCH_PATHS = "$(inherited) @executable_path/Frameworks @loader_path/Frameworks";
				PRODUCT_BUNDLE_IDENTIFIER = "com.pinterest.PI_NOperation-tvOSTests";
				PRODUCT_NAME = "$(TARGET_NAME)";
				SDKROOT = appletvos;
				TVOS_DEPLOYMENT_TARGET = 9.2;
			};
			name = Release;
		};
		CC01057D1E27117F00890935 /* Debug */ = {
			isa = XCBuildConfiguration;
			buildSettings = {
				CODE_SIGN_IDENTITY = "-";
				COMBINE_HIDPI_IMAGES = YES;
				INFOPLIST_FILE = Tests/Info.plist;
				LD_RUNPATH_SEARCH_PATHS = "$(inherited) @executable_path/../Frameworks @loader_path/../Frameworks";
				MACOSX_DEPLOYMENT_TARGET = 10.11;
				PRODUCT_BUNDLE_IDENTIFIER = "com.pinterest.PI_NOperation-macOSTests";
				PRODUCT_NAME = "$(TARGET_NAME)";
				SDKROOT = macosx;
			};
			name = Debug;
		};
		CC01057E1E27117F00890935 /* Release */ = {
			isa = XCBuildConfiguration;
			buildSettings = {
				CODE_SIGN_IDENTITY = "-";
				COMBINE_HIDPI_IMAGES = YES;
				INFOPLIST_FILE = Tests/Info.plist;
				LD_RUNPATH_SEARCH_PATHS = "$(inherited) @executable_path/../Frameworks @loader_path/../Frameworks";
				MACOSX_DEPLOYMENT_TARGET = 10.11;
				PRODUCT_BUNDLE_IDENTIFIER = "com.pinterest.PI_NOperation-macOSTests";
				PRODUCT_NAME = "$(TARGET_NAME)";
				SDKROOT = macosx;
			};
			name = Release;
		};
/* End XCBuildConfiguration section */

/* Begin XCConfigurationList section */
		CC0105271E27110D00890935 /* Build configuration list for PBXProject "PI_NOperation" */ = {
			isa = XCConfigurationList;
			buildConfigurations = (
				CC0105331E27110D00890935 /* Debug */,
				CC0105341E27110D00890935 /* Release */,
			);
			defaultConfigurationIsVisible = 0;
			defaultConfigurationName = Release;
		};
		CC0105351E27110D00890935 /* Build configuration list for PBXNativeTarget "PI_NOperation" */ = {
			isa = XCConfigurationList;
			buildConfigurations = (
				CC0105361E27110D00890935 /* Debug */,
				CC0105371E27110D00890935 /* Release */,
			);
			defaultConfigurationIsVisible = 0;
			defaultConfigurationName = Release;
		};
		CC0105421E27113700890935 /* Build configuration list for PBXNativeTarget "PI_NOperation-tvOS" */ = {
			isa = XCConfigurationList;
			buildConfigurations = (
				CC0105431E27113700890935 /* Debug */,
				CC0105441E27113700890935 /* Release */,
			);
			defaultConfigurationIsVisible = 0;
			defaultConfigurationName = Release;
		};
		CC01054F1E27114300890935 /* Build configuration list for PBXNativeTarget "PI_NOperation-macOS" */ = {
			isa = XCConfigurationList;
			buildConfigurations = (
				CC0105501E27114300890935 /* Debug */,
				CC0105511E27114300890935 /* Release */,
			);
			defaultConfigurationIsVisible = 0;
			defaultConfigurationName = Release;
		};
		CC01055E1E27116600890935 /* Build configuration list for PBXNativeTarget "PI_NOperationTests" */ = {
			isa = XCConfigurationList;
			buildConfigurations = (
				CC01055F1E27116600890935 /* Debug */,
				CC0105601E27116600890935 /* Release */,
			);
			defaultConfigurationIsVisible = 0;
			defaultConfigurationName = Release;
		};
		CC01056D1E27117300890935 /* Build configuration list for PBXNativeTarget "PI_NOperation-tvOSTests" */ = {
			isa = XCConfigurationList;
			buildConfigurations = (
				CC01056E1E27117300890935 /* Debug */,
				CC01056F1E27117300890935 /* Release */,
			);
			defaultConfigurationIsVisible = 0;
			defaultConfigurationName = Release;
		};
		CC01057C1E27117F00890935 /* Build configuration list for PBXNativeTarget "PI_NOperation-macOSTests" */ = {
			isa = XCConfigurationList;
			buildConfigurations = (
				CC01057D1E27117F00890935 /* Debug */,
				CC01057E1E27117F00890935 /* Release */,
			);
			defaultConfigurationIsVisible = 0;
			defaultConfigurationName = Release;
		};
/* End XCConfigurationList section */
	};
	rootObject = CC0105241E27110D00890935 /* Project object */;
}
